
Microsoft Visual Studio Solution File, Format Version 12.00
# Visual Studio 15
VisualStudioVersion = 15.0.28307.960
MinimumVisualStudioVersion = 10.0.40219.1
Project("{FAE04EC0-301F-11D3-BF4B-00C04F79EFBC}") = "OverridingEquals", "OverridingEquals\OverridingEquals.csproj", "{122BE29D-5DB5-415D-9DC9-D1F22A2A7ED2}"
EndProject
Project("{FAE04EC0-301F-11D3-BF4B-00C04F79EFBC}") = "LinkedList", "LinkedList\LinkedList.csproj", "{FF74A067-E0EF-4F45-BBB7-21D4A49247A3}"
EndProject
Project("{FAE04EC0-301F-11D3-BF4B-00C04F79EFBC}") = "Strings", "Strings\Strings.csproj", "{471BA4E2-F102-4818-BD1D-9C0A2DABB349}"
EndProject
Project("{9A19103F-16F7-4668-BE54-9A1E7A4F7556}") = "Recursion", "Recursion\Recursion.csproj", "{9FC524FC-0FF1-485D-94BD-727689DF6F8B}"
EndProject
Project("{FAE04EC0-301F-11D3-BF4B-00C04F79EFBC}") = "Stack", "Stack\Stack.csproj", "{ACEC841D-7D93-4699-B5A4-116D80012C68}"
EndProject
Project("{FAE04EC0-301F-11D3-BF4B-00C04F79EFBC}") = "BinaryTree", "BinaryTree\BinaryTree.csproj", "{8A7E065D-A3A1-483E-B874-727A7C3464C4}"
EndProject
Project("{FAE04EC0-301F-11D3-BF4B-00C04F79EFBC}") = "Arrays", "Arrays\Arrays.csproj", "{B25E1E07-5CEB-4A9C-B9AC-612DFE8A5CA6}"
EndProject
Project("{FAE04EC0-301F-11D3-BF4B-00C04F79EFBC}") = "LeetCodeTopInterviewQuestions", "TopInterviewQuestions\LeetCodeTopInterviewQuestions.csproj", "{F4EBE887-C9C6-4B1D-9904-1E511B193E94}"
EndProject
Project("{FAE04EC0-301F-11D3-BF4B-00C04F79EFBC}") = "Graphs", "Graphs\Graphs.csproj", "{6B791932-8AA0-43FD-AAB0-2CA02E563AF5}"
EndProject
Project("{FAE04EC0-301F-11D3-BF4B-00C04F79EFBC}") = "LCIQEasy", "LCIQEasy\LCIQEasy.csproj", "{754AFD9D-8944-437B-A3D2-5B4956053A42}"
EndProject
Project("{9A19103F-16F7-4668-BE54-9A1E7A4F7556}") = "LeetCodeBinaryTrees", "LeetCodeBinaryTrees\LeetCodeBinaryTrees.csproj", "{B7946FDB-DC82-42C2-9A8B-9EA3BCD877BD}"
EndProject
Project("{9A19103F-16F7-4668-BE54-9A1E7A4F7556}") = "LeetCodeArrays", "LeetCodeArrays\LeetCodeArrays.csproj", "{66C699B7-1949-414E-88F9-F9262E2BEDF8}"
EndProject
Project("{FAE04EC0-301F-11D3-BF4B-00C04F79EFBC}") = "LeetCodeStrings", "LeetCodeStrings\LeetCodeStrings.csproj", "{E5B7E9A8-56E0-40CE-AEDA-8E57B3483D0B}"
EndProject
Global
	GlobalSection(SolutionConfigurationPlatforms) = preSolution
		Debug|Any CPU = Debug|Any CPU
		Release|Any CPU = Release|Any CPU
	EndGlobalSection
	GlobalSection(ProjectConfigurationPlatforms) = postSolution
		{122BE29D-5DB5-415D-9DC9-D1F22A2A7ED2}.Debug|Any CPU.ActiveCfg = Debug|Any CPU
		{122BE29D-5DB5-415D-9DC9-D1F22A2A7ED2}.Debug|Any CPU.Build.0 = Debug|Any CPU
		{122BE29D-5DB5-415D-9DC9-D1F22A2A7ED2}.Release|Any CPU.ActiveCfg = Release|Any CPU
		{122BE29D-5DB5-415D-9DC9-D1F22A2A7ED2}.Release|Any CPU.Build.0 = Release|Any CPU
		{FF74A067-E0EF-4F45-BBB7-21D4A49247A3}.Debug|Any CPU.ActiveCfg = Debug|Any CPU
		{FF74A067-E0EF-4F45-BBB7-21D4A49247A3}.Debug|Any CPU.Build.0 = Debug|Any CPU
		{FF74A067-E0EF-4F45-BBB7-21D4A49247A3}.Release|Any CPU.ActiveCfg = Release|Any CPU
		{FF74A067-E0EF-4F45-BBB7-21D4A49247A3}.Release|Any CPU.Build.0 = Release|Any CPU
		{471BA4E2-F102-4818-BD1D-9C0A2DABB349}.Debug|Any CPU.ActiveCfg = Debug|Any CPU
		{471BA4E2-F102-4818-BD1D-9C0A2DABB349}.Debug|Any CPU.Build.0 = Debug|Any CPU
		{471BA4E2-F102-4818-BD1D-9C0A2DABB349}.Release|Any CPU.ActiveCfg = Release|Any CPU
		{471BA4E2-F102-4818-BD1D-9C0A2DABB349}.Release|Any CPU.Build.0 = Release|Any CPU
		{9FC524FC-0FF1-485D-94BD-727689DF6F8B}.Debug|Any CPU.ActiveCfg = Debug|Any CPU
		{9FC524FC-0FF1-485D-94BD-727689DF6F8B}.Debug|Any CPU.Build.0 = Debug|Any CPU
		{9FC524FC-0FF1-485D-94BD-727689DF6F8B}.Release|Any CPU.ActiveCfg = Release|Any CPU
		{9FC524FC-0FF1-485D-94BD-727689DF6F8B}.Release|Any CPU.Build.0 = Release|Any CPU
		{ACEC841D-7D93-4699-B5A4-116D80012C68}.Debug|Any CPU.ActiveCfg = Debug|Any CPU
		{ACEC841D-7D93-4699-B5A4-116D80012C68}.Debug|Any CPU.Build.0 = Debug|Any CPU
		{ACEC841D-7D93-4699-B5A4-116D80012C68}.Release|Any CPU.ActiveCfg = Release|Any CPU
		{ACEC841D-7D93-4699-B5A4-116D80012C68}.Release|Any CPU.Build.0 = Release|Any CPU
		{8A7E065D-A3A1-483E-B874-727A7C3464C4}.Debug|Any CPU.ActiveCfg = Debug|Any CPU
		{8A7E065D-A3A1-483E-B874-727A7C3464C4}.Debug|Any CPU.Build.0 = Debug|Any CPU
		{8A7E065D-A3A1-483E-B874-727A7C3464C4}.Release|Any CPU.ActiveCfg = Release|Any CPU
		{8A7E065D-A3A1-483E-B874-727A7C3464C4}.Release|Any CPU.Build.0 = Release|Any CPU
		{B25E1E07-5CEB-4A9C-B9AC-612DFE8A5CA6}.Debug|Any CPU.ActiveCfg = Debug|Any CPU
		{B25E1E07-5CEB-4A9C-B9AC-612DFE8A5CA6}.Debug|Any CPU.Build.0 = Debug|Any CPU
		{B25E1E07-5CEB-4A9C-B9AC-612DFE8A5CA6}.Release|Any CPU.ActiveCfg = Release|Any CPU
		{B25E1E07-5CEB-4A9C-B9AC-612DFE8A5CA6}.Release|Any CPU.Build.0 = Release|Any CPU
		{F4EBE887-C9C6-4B1D-9904-1E511B193E94}.Debug|Any CPU.ActiveCfg = Debug|Any CPU
		{F4EBE887-C9C6-4B1D-9904-1E511B193E94}.Debug|Any CPU.Build.0 = Debug|Any CPU
		{F4EBE887-C9C6-4B1D-9904-1E511B193E94}.Release|Any CPU.ActiveCfg = Release|Any CPU
		{F4EBE887-C9C6-4B1D-9904-1E511B193E94}.Release|Any CPU.Build.0 = Release|Any CPU
		{6B791932-8AA0-43FD-AAB0-2CA02E563AF5}.Debug|Any CPU.ActiveCfg = Debug|Any CPU
		{6B791932-8AA0-43FD-AAB0-2CA02E563AF5}.Debug|Any CPU.Build.0 = Debug|Any CPU
		{6B791932-8AA0-43FD-AAB0-2CA02E563AF5}.Release|Any CPU.ActiveCfg = Release|Any CPU
		{6B791932-8AA0-43FD-AAB0-2CA02E563AF5}.Release|Any CPU.Build.0 = Release|Any CPU
		{754AFD9D-8944-437B-A3D2-5B4956053A42}.Debug|Any CPU.ActiveCfg = Debug|Any CPU
		{754AFD9D-8944-437B-A3D2-5B4956053A42}.Debug|Any CPU.Build.0 = Debug|Any CPU
		{754AFD9D-8944-437B-A3D2-5B4956053A42}.Release|Any CPU.ActiveCfg = Release|Any CPU
		{754AFD9D-8944-437B-A3D2-5B4956053A42}.Release|Any CPU.Build.0 = Release|Any CPU
		{B7946FDB-DC82-42C2-9A8B-9EA3BCD877BD}.Debug|Any CPU.ActiveCfg = Debug|Any CPU
		{B7946FDB-DC82-42C2-9A8B-9EA3BCD877BD}.Debug|Any CPU.Build.0 = Debug|Any CPU
		{B7946FDB-DC82-42C2-9A8B-9EA3BCD877BD}.Release|Any CPU.ActiveCfg = Release|Any CPU
		{B7946FDB-DC82-42C2-9A8B-9EA3BCD877BD}.Release|Any CPU.Build.0 = Release|Any CPU
		{66C699B7-1949-414E-88F9-F9262E2BEDF8}.Debug|Any CPU.ActiveCfg = Debug|Any CPU
		{66C699B7-1949-414E-88F9-F9262E2BEDF8}.Debug|Any CPU.Build.0 = Debug|Any CPU
		{66C699B7-1949-414E-88F9-F9262E2BEDF8}.Release|Any CPU.ActiveCfg = Release|Any CPU
		{66C699B7-1949-414E-88F9-F9262E2BEDF8}.Release|Any CPU.Build.0 = Release|Any CPU
		{E5B7E9A8-56E0-40CE-AEDA-8E57B3483D0B}.Debug|Any CPU.ActiveCfg = Debug|Any CPU
		{E5B7E9A8-56E0-40CE-AEDA-8E57B3483D0B}.Debug|Any CPU.Build.0 = Debug|Any CPU
		{E5B7E9A8-56E0-40CE-AEDA-8E57B3483D0B}.Release|Any CPU.ActiveCfg = Release|Any CPU
		{E5B7E9A8-56E0-40CE-AEDA-8E57B3483D0B}.Release|Any CPU.Build.0 = Release|Any CPU
	EndGlobalSection
	GlobalSection(SolutionProperties) = preSolution
		HideSolutionNode = FALSE
	EndGlobalSection
	GlobalSection(ExtensibilityGlobals) = postSolution
		SolutionGuid = {827F52FF-EF11-4FEE-96D9-2D8DC87620FE}
	EndGlobalSection
EndGlobal
