
Microsoft Visual Studio Solution File, Format Version 12.00
# Visual Studio 15
VisualStudioVersion = 15.0.28307.960
MinimumVisualStudioVersion = 10.0.40219.1
Project("{FAE04EC0-301F-11D3-BF4B-00C04F79EFBC}") = "OverridingEquals", "OverridingEquals\OverridingEquals.csproj", "{122BE29D-5DB5-415D-9DC9-D1F22A2A7ED2}"
EndProject
Project("{FAE04EC0-301F-11D3-BF4B-00C04F79EFBC}") = "LinkedList", "LinkedList\LinkedList.csproj", "{FF74A067-E0EF-4F45-BBB7-21D4A49247A3}"
EndProject
Project("{FAE04EC0-301F-11D3-BF4B-00C04F79EFBC}") = "Strings", "Strings\Strings.csproj", "{471BA4E2-F102-4818-BD1D-9C0A2DABB349}"
EndProject
Project("{9A19103F-16F7-4668-BE54-9A1E7A4F7556}") = "Recursion", "Recursion\Recursion.csproj", "{9FC524FC-0FF1-485D-94BD-727689DF6F8B}"
EndProject
Project("{FAE04EC0-301F-11D3-BF4B-00C04F79EFBC}") = "Stack", "Stack\Stack.csproj", "{ACEC841D-7D93-4699-B5A4-116D80012C68}"
EndProject
Project("{FAE04EC0-301F-11D3-BF4B-00C04F79EFBC}") = "BinaryTree", "BinaryTree\BinaryTree.csproj", "{8A7E065D-A3A1-483E-B874-727A7C3464C4}"
EndProject
Project("{FAE04EC0-301F-11D3-BF4B-00C04F79EFBC}") = "Arrays", "Arrays\Arrays.csproj", "{B25E1E07-5CEB-4A9C-B9AC-612DFE8A5CA6}"
EndProject
Project("{FAE04EC0-301F-11D3-BF4B-00C04F79EFBC}") = "LeetCodeTopInterviewQuestions", "TopInterviewQuestions\LeetCodeTopInterviewQuestions.csproj", "{F4EBE887-C9C6-4B1D-9904-1E511B193E94}"
EndProject
Project("{FAE04EC0-301F-11D3-BF4B-00C04F79EFBC}") = "Graphs", "Graphs\Graphs.csproj", "{6B791932-8AA0-43FD-AAB0-2CA02E563AF5}"
EndProject
Project("{FAE04EC0-301F-11D3-BF4B-00C04F79EFBC}") = "LCIQEasy", "LCIQEasy\LCIQEasy.csproj", "{754AFD9D-8944-437B-A3D2-5B4956053A42}"
EndProject
Project("{9A19103F-16F7-4668-BE54-9A1E7A4F7556}") = "LeetCodeBinaryTrees", "LeetCodeBinaryTrees\LeetCodeBinaryTrees.csproj", "{B7946FDB-DC82-42C2-9A8B-9EA3BCD877BD}"
EndProject
Project("{9A19103F-16F7-4668-BE54-9A1E7A4F7556}") = "LeetCodeArrays", "LeetCodeArrays\LeetCodeArrays.csproj", "{66C699B7-1949-414E-88F9-F9262E2BEDF8}"
EndProject
Project("{9A19103F-16F7-4668-BE54-9A1E7A4F7556}") = "LeetCodeStrings", "LeetCodeStrings\LeetCodeStrings.csproj", "{E5B7E9A8-56E0-40CE-AEDA-8E57B3483D0B}"
EndProject
Project("{9A19103F-16F7-4668-BE54-9A1E7A4F7556}") = "PracticingRecursionInJava", "PracticingRecursionInJava\PracticingRecursionInJava.csproj", "{DA8DC475-D9B8-4685-A717-DD9818F71F35}"
EndProject
Project("{9A19103F-16F7-4668-BE54-9A1E7A4F7556}") = "BreadthFirstSearch", "BreadthFirstSearch\BreadthFirstSearch.csproj", "{CE2E0C42-463F-4BE9-AA3F-85F1F5831E94}"
EndProject
Project("{2150E333-8FDC-42A3-9474-1A3956D46DE8}") = "LeetCode", "LeetCode", "{9E880A86-5C2A-4C81-98B1-034BC0A23342}"
EndProject
Project("{9A19103F-16F7-4668-BE54-9A1E7A4F7556}") = "Greedy", "Greedy\Greedy.csproj", "{AA458708-259C-4D28-AE2A-A7D1524C4DB1}"
EndProject
Project("{9A19103F-16F7-4668-BE54-9A1E7A4F7556}") = "LeetCodeHashTable", "HashSet\LeetCodeHashTable.csproj", "{753A5BBD-5170-4990-AB37-8D365C40998A}"
EndProject
Project("{FAE04EC0-301F-11D3-BF4B-00C04F79EFBC}") = "LeetCodeGraphs", "LeetCodeGraphs\LeetCodeGraphs.csproj", "{A918BCC3-8FD0-476A-B936-232C950F0903}"
EndProject
Project("{FAE04EC0-301F-11D3-BF4B-00C04F79EFBC}") = "DynamicProgramming", "ConsoleApp1\DynamicProgramming.csproj", "{52B0D601-95C8-4ED7-8980-9843D92A5EA9}"
EndProject
Project("{FAE04EC0-301F-11D3-BF4B-00C04F79EFBC}") = "LeetCodeDynamicProgramming", "LeetCodeDynamicProgramming\LeetCodeDynamicProgramming.csproj", "{66B86C09-497C-44EB-81DD-58A0BFD350D5}"
EndProject
Project("{2150E333-8FDC-42A3-9474-1A3956D46DE8}") = "Graph", "Graph", "{A47C242E-7BE9-4B08-BFAB-C1C230BC4781}"
EndProject
Project("{2150E333-8FDC-42A3-9474-1A3956D46DE8}") = "GraphTheoryAlgorithms", "GraphTheoryAlgorithms", "{56AABD14-D97A-46FB-A1E1-2E3466668075}"
EndProject
Project("{FAE04EC0-301F-11D3-BF4B-00C04F79EFBC}") = "GraphTheoryAlgorithms", "GraphTheoryAlgorithms\GraphTheoryAlgorithms.csproj", "{E4A3871A-F6E3-4A3E-88F1-2C79021E0825}"
EndProject
Project("{FAE04EC0-301F-11D3-BF4B-00C04F79EFBC}") = "LeetCodeTwoPointers", "LeetCodeTwoPointers\LeetCodeTwoPointers.csproj", "{48777A89-DD2F-4B2D-9B48-1866B2CDC1A0}"
EndProject
Project("{FAE04EC0-301F-11D3-BF4B-00C04F79EFBC}") = "LeetCodeDivideAndConquer", "LeetCodeDivideAndConquer\LeetCodeDivideAndConquer.csproj", "{BB601A3C-DA16-4469-B241-E771D48E0CAE}"
EndProject
Project("{FAE04EC0-301F-11D3-BF4B-00C04F79EFBC}") = "LeetCodeBinarySearch", "LeetCodeBinarySearch\LeetCodeBinarySearch.csproj", "{368622A4-3AE4-4B59-850D-6EEE2F983D7D}"
EndProject
Project("{FAE04EC0-301F-11D3-BF4B-00C04F79EFBC}") = "Maths", "Math\Maths.csproj", "{84557FAC-A7B5-4C4F-8345-5F11955EA7BB}"
EndProject
Project("{2150E333-8FDC-42A3-9474-1A3956D46DE8}") = "Solution Items", "Solution Items", "{19A4D549-4B2B-44C6-9C1E-F70EAADB49D6}"
	ProjectSection(SolutionItems) = preProject
		ReadMe.Md = ReadMe.Md
	EndProjectSection
EndProject
Project("{2150E333-8FDC-42A3-9474-1A3956D46DE8}") = "RecursionProjects", "RecursionProjects", "{11BC0A5C-50F2-4581-B829-E5C901917B70}"
EndProject
Project("{FAE04EC0-301F-11D3-BF4B-00C04F79EFBC}") = "DivideAndConquer.cs", "DivideAndConquer.cs\DivideAndConquer.cs.csproj", "{F6838157-0543-4C18-B9A9-A610BDF3D415}"
EndProject
Project("{FAE04EC0-301F-11D3-BF4B-00C04F79EFBC}") = "LeetCodeStack", "LeetCodeStack.cs\LeetCodeStack.csproj", "{26EEA366-ADCE-440E-BB5A-393B146667CE}"
EndProject
Project("{FAE04EC0-301F-11D3-BF4B-00C04F79EFBC}") = "LeetCodeMath", "LeetCodeMath\LeetCodeMath.csproj", "{21C18083-1EF7-4A8E-BF1A-9CEF7B7445F8}"
EndProject
Project("{FAE04EC0-301F-11D3-BF4B-00C04F79EFBC}") = "LeetcodeBackTracking", "LeetcodeBackTracking\LeetcodeBackTracking.csproj", "{0E4B409B-B6AF-4863-B020-710296EE5F02}"
EndProject
Project("{FAE04EC0-301F-11D3-BF4B-00C04F79EFBC}") = "LeetCodeSlidingWindow", "LeetCodeSlidingWindow\LeetCodeSlidingWindow.csproj", "{1586F01F-E4DD-408B-888A-7B268CE4FB4E}"
EndProject
Project("{FAE04EC0-301F-11D3-BF4B-00C04F79EFBC}") = "LeetCodeNoCategory", "LeetCodeNoCategory\LeetCodeNoCategory.csproj", "{6D4604EA-4DC7-4F10-BF84-C9CA59D59206}"
EndProject
Project("{FAE04EC0-301F-11D3-BF4B-00C04F79EFBC}") = "LeetCodeBreadthFirstSearch", "LeetCodeBreadthFirstSearch\LeetCodeBreadthFirstSearch.csproj", "{BECFDAF9-D570-4E72-8BED-29FCC2613CD0}"
EndProject
Project("{2150E333-8FDC-42A3-9474-1A3956D46DE8}") = "Images", "Images", "{DB7333CB-E58A-49C2-AB0B-60F3C1860502}"
EndProject
Project("{FAE04EC0-301F-11D3-BF4B-00C04F79EFBC}") = "LeetCodeBitManipulation", "LeetCodeBitManipulation\LeetCodeBitManipulation.csproj", "{DB9F670C-1C26-4F2B-80A5-B80348443511}"
EndProject
Project("{FAE04EC0-301F-11D3-BF4B-00C04F79EFBC}") = "LeetCodeRandom", "LeetCodeRandom\LeetCodeRandom.csproj", "{AAD725B8-309B-42CC-9D99-079E2E2ED374}"
EndProject
Project("{FAE04EC0-301F-11D3-BF4B-00C04F79EFBC}") = "LeetCodeTrie", "LeetCodeTrie\LeetCodeTrie.csproj", "{BE671064-5663-42DB-841E-5801C81F7B76}"
EndProject
Project("{FAE04EC0-301F-11D3-BF4B-00C04F79EFBC}") = "LeetcodeSort", "LeetcodeSort\LeetcodeSort.csproj", "{148E1766-2F00-49D1-AE75-A555964D9D79}"
EndProject
Project("{FAE04EC0-301F-11D3-BF4B-00C04F79EFBC}") = "LeetCodeMiniMax", "LeetCodeMiniMax\LeetCodeMiniMax.csproj", "{1BFFACBB-C2F9-4CFF-B732-70102E1B3159}"
EndProject
Project("{FAE04EC0-301F-11D3-BF4B-00C04F79EFBC}") = "LeetCodeGeometry", "LeetCodeGeometry\LeetCodeGeometry.csproj", "{F3917C79-317C-4386-90D8-6A80359E9B76}"
EndProject
Project("{FAE04EC0-301F-11D3-BF4B-00C04F79EFBC}") = "LeetCodeUnionFind", "LeetCodeUnionFind\LeetCodeUnionFind.csproj", "{5258C7F9-6B9E-4E68-A8F3-DF0D892D2427}"
EndProject
Project("{FAE04EC0-301F-11D3-BF4B-00C04F79EFBC}") = "LeetCodeRecursion", "LeetCodeRecursion\LeetCodeRecursion.csproj", "{29D6F87F-FB3B-4129-B131-09C189212EEE}"
EndProject
Project("{FAE04EC0-301F-11D3-BF4B-00C04F79EFBC}") = "LeetCodeHeap", "LeetCodeHeap\LeetCodeHeap.csproj", "{DA63F267-2361-487E-A4D5-AE9B4AF82F4B}"
EndProject
Project("{FAE04EC0-301F-11D3-BF4B-00C04F79EFBC}") = "LeetCodeDesign", "LeetCodeDesign\LeetCodeDesign.csproj", "{B3FF1454-6A52-41C0-886C-68B00AE4B4A2}"
EndProject
Project("{FAE04EC0-301F-11D3-BF4B-00C04F79EFBC}") = "LeetCodeLinkedList", "LeetCodeLinkedList\LeetCodeLinkedList.csproj", "{89751DDE-6321-4A0A-B070-F29F0C85EF37}"
EndProject
Project("{FAE04EC0-301F-11D3-BF4B-00C04F79EFBC}") = "LeetCodeCommon", "LeetCodeCommon\LeetCodeCommon.csproj", "{19D4E053-396F-494A-96AD-D914FFA52372}"
EndProject
Project("{FAE04EC0-301F-11D3-BF4B-00C04F79EFBC}") = "Bala", "Bala\Bala.csproj", "{D950ABFF-8539-46F0-A31D-8C1BEAD21843}"
EndProject
Project("{FAE04EC0-301F-11D3-BF4B-00C04F79EFBC}") = "PrefixSum", "PrefixSum\PrefixSum.csproj", "{7FA29D4C-D96A-4DFD-B46D-39E8BF6DC535}"
EndProject
Project("{FAE04EC0-301F-11D3-BF4B-00C04F79EFBC}") = "LeetCodePrefixSum", "LeetCodePrefixSum\LeetCodePrefixSum.csproj", "{A835A035-FE29-4B47-A701-47B06D65C116}"
EndProject
Project("{FAE04EC0-301F-11D3-BF4B-00C04F79EFBC}") = "GreedyAndIntervals", "Intervals\GreedyAndIntervals.csproj", "{9B1D977B-BD79-4750-86AF-38F9795DA25B}"
EndProject
Project("{2150E333-8FDC-42A3-9474-1A3956D46DE8}") = "OOD", "OOD", "{763506BA-E1D6-43B8-9BD7-580FFECC8DC4}"
EndProject
Project("{2150E333-8FDC-42A3-9474-1A3956D46DE8}") = "SnakeAndLadder", "SnakeAndLadder", "{DE686B66-85F2-408F-9460-C1D0A0CFF82F}"
EndProject
Project("{FAE04EC0-301F-11D3-BF4B-00C04F79EFBC}") = "SnakeAndLadder", "SnakeAndLadder\SnakeAndLadder.csproj", "{07EF0DA2-6D99-42F6-B142-FCF679F192A1}"
EndProject
Project("{2150E333-8FDC-42A3-9474-1A3956D46DE8}") = "SplitWise", "SplitWise", "{10D63B21-B7F5-40F1-997C-D3ECBDD2D3D0}"
EndProject
Project("{FAE04EC0-301F-11D3-BF4B-00C04F79EFBC}") = "SplitWise", "SplitWise\SplitWise.csproj", "{E14AB7B1-CB6B-4B7D-8CA6-95C655EE3CD2}"
EndProject
Project("{2150E333-8FDC-42A3-9474-1A3956D46DE8}") = "DesignPatterns", "DesignPatterns", "{33AC9B53-8332-4163-A46E-6A1D00D3FE25}"
EndProject
Project("{FAE04EC0-301F-11D3-BF4B-00C04F79EFBC}") = "Singleton", "Singleton\Singleton.csproj", "{68E45C0D-F612-4FB1-A52B-7BF036A74464}"
EndProject
Project("{2150E333-8FDC-42A3-9474-1A3956D46DE8}") = "Tic-Tac-Toe", "Tic-Tac-Toe", "{FE49D6B0-E338-4DE5-82DA-A32E344F1E71}"
EndProject
Project("{FAE04EC0-301F-11D3-BF4B-00C04F79EFBC}") = "TicTacToe", "Tic-Tac-Toe\TicTacToe.csproj", "{5B522C10-E270-4936-B0E2-6752D26D48C2}"
EndProject
Project("{2150E333-8FDC-42A3-9474-1A3956D46DE8}") = "KeyValuePair", "KeyValuePair", "{C0A2BA07-023C-4D9D-8644-77AEB4DB8D0E}"
EndProject
Project("{FAE04EC0-301F-11D3-BF4B-00C04F79EFBC}") = "InMemoryKeyValueStore", "InMemoryKeyValueStore\InMemoryKeyValueStore.csproj", "{8B6FE37C-193B-4DE4-82DB-B5F5CEEA073D}"
EndProject
Project("{2150E333-8FDC-42A3-9474-1A3956D46DE8}") = "ElevatorSystem", "ElevatorSystem", "{B399B4B4-F03B-4D16-860F-4007F56F55AC}"
EndProject
Project("{FAE04EC0-301F-11D3-BF4B-00C04F79EFBC}") = "ElevatorSystem", "Elevator\ElevatorSystem.csproj", "{890DB106-1930-4809-B9EA-6DC77DF26586}"
EndProject
Project("{2150E333-8FDC-42A3-9474-1A3956D46DE8}") = "DistributedQueue", "DistributedQueue", "{C64A17E1-D6B5-499B-BC5E-F43804FD7D15}"
EndProject
Project("{FAE04EC0-301F-11D3-BF4B-00C04F79EFBC}") = "DistributedQueue", "DistributedQueue\DistributedQueue.csproj", "{F3D0CCC0-F648-4668-A33B-78050676428B}"
EndProject
Project("{2150E333-8FDC-42A3-9474-1A3956D46DE8}") = "Bits", "Bits", "{33F91358-3CA9-49EE-80AA-A2E5DEBA6D04}"
EndProject
Project("{FAE04EC0-301F-11D3-BF4B-00C04F79EFBC}") = "BitsFundas", "BitsFundas\BitsFundas.csproj", "{44F7BA3D-4AD6-4342-980D-CD147971E2C5}"
EndProject
Global
	GlobalSection(SolutionConfigurationPlatforms) = preSolution
		Debug|Any CPU = Debug|Any CPU
		Release|Any CPU = Release|Any CPU
	EndGlobalSection
	GlobalSection(ProjectConfigurationPlatforms) = postSolution
		{122BE29D-5DB5-415D-9DC9-D1F22A2A7ED2}.Debug|Any CPU.ActiveCfg = Debug|Any CPU
		{122BE29D-5DB5-415D-9DC9-D1F22A2A7ED2}.Debug|Any CPU.Build.0 = Debug|Any CPU
		{122BE29D-5DB5-415D-9DC9-D1F22A2A7ED2}.Release|Any CPU.ActiveCfg = Release|Any CPU
		{122BE29D-5DB5-415D-9DC9-D1F22A2A7ED2}.Release|Any CPU.Build.0 = Release|Any CPU
		{FF74A067-E0EF-4F45-BBB7-21D4A49247A3}.Debug|Any CPU.ActiveCfg = Debug|Any CPU
		{FF74A067-E0EF-4F45-BBB7-21D4A49247A3}.Debug|Any CPU.Build.0 = Debug|Any CPU
		{FF74A067-E0EF-4F45-BBB7-21D4A49247A3}.Release|Any CPU.ActiveCfg = Release|Any CPU
		{FF74A067-E0EF-4F45-BBB7-21D4A49247A3}.Release|Any CPU.Build.0 = Release|Any CPU
		{471BA4E2-F102-4818-BD1D-9C0A2DABB349}.Debug|Any CPU.ActiveCfg = Debug|Any CPU
		{471BA4E2-F102-4818-BD1D-9C0A2DABB349}.Debug|Any CPU.Build.0 = Debug|Any CPU
		{471BA4E2-F102-4818-BD1D-9C0A2DABB349}.Release|Any CPU.ActiveCfg = Release|Any CPU
		{471BA4E2-F102-4818-BD1D-9C0A2DABB349}.Release|Any CPU.Build.0 = Release|Any CPU
		{9FC524FC-0FF1-485D-94BD-727689DF6F8B}.Debug|Any CPU.ActiveCfg = Debug|Any CPU
		{9FC524FC-0FF1-485D-94BD-727689DF6F8B}.Debug|Any CPU.Build.0 = Debug|Any CPU
		{9FC524FC-0FF1-485D-94BD-727689DF6F8B}.Release|Any CPU.ActiveCfg = Release|Any CPU
		{9FC524FC-0FF1-485D-94BD-727689DF6F8B}.Release|Any CPU.Build.0 = Release|Any CPU
		{ACEC841D-7D93-4699-B5A4-116D80012C68}.Debug|Any CPU.ActiveCfg = Debug|Any CPU
		{ACEC841D-7D93-4699-B5A4-116D80012C68}.Debug|Any CPU.Build.0 = Debug|Any CPU
		{ACEC841D-7D93-4699-B5A4-116D80012C68}.Release|Any CPU.ActiveCfg = Release|Any CPU
		{ACEC841D-7D93-4699-B5A4-116D80012C68}.Release|Any CPU.Build.0 = Release|Any CPU
		{8A7E065D-A3A1-483E-B874-727A7C3464C4}.Debug|Any CPU.ActiveCfg = Debug|Any CPU
		{8A7E065D-A3A1-483E-B874-727A7C3464C4}.Debug|Any CPU.Build.0 = Debug|Any CPU
		{8A7E065D-A3A1-483E-B874-727A7C3464C4}.Release|Any CPU.ActiveCfg = Release|Any CPU
		{8A7E065D-A3A1-483E-B874-727A7C3464C4}.Release|Any CPU.Build.0 = Release|Any CPU
		{B25E1E07-5CEB-4A9C-B9AC-612DFE8A5CA6}.Debug|Any CPU.ActiveCfg = Debug|Any CPU
		{B25E1E07-5CEB-4A9C-B9AC-612DFE8A5CA6}.Debug|Any CPU.Build.0 = Debug|Any CPU
		{B25E1E07-5CEB-4A9C-B9AC-612DFE8A5CA6}.Release|Any CPU.ActiveCfg = Release|Any CPU
		{B25E1E07-5CEB-4A9C-B9AC-612DFE8A5CA6}.Release|Any CPU.Build.0 = Release|Any CPU
		{F4EBE887-C9C6-4B1D-9904-1E511B193E94}.Debug|Any CPU.ActiveCfg = Debug|Any CPU
		{F4EBE887-C9C6-4B1D-9904-1E511B193E94}.Debug|Any CPU.Build.0 = Debug|Any CPU
		{F4EBE887-C9C6-4B1D-9904-1E511B193E94}.Release|Any CPU.ActiveCfg = Release|Any CPU
		{F4EBE887-C9C6-4B1D-9904-1E511B193E94}.Release|Any CPU.Build.0 = Release|Any CPU
		{6B791932-8AA0-43FD-AAB0-2CA02E563AF5}.Debug|Any CPU.ActiveCfg = Debug|Any CPU
		{6B791932-8AA0-43FD-AAB0-2CA02E563AF5}.Debug|Any CPU.Build.0 = Debug|Any CPU
		{6B791932-8AA0-43FD-AAB0-2CA02E563AF5}.Release|Any CPU.ActiveCfg = Release|Any CPU
		{6B791932-8AA0-43FD-AAB0-2CA02E563AF5}.Release|Any CPU.Build.0 = Release|Any CPU
		{754AFD9D-8944-437B-A3D2-5B4956053A42}.Debug|Any CPU.ActiveCfg = Debug|Any CPU
		{754AFD9D-8944-437B-A3D2-5B4956053A42}.Debug|Any CPU.Build.0 = Debug|Any CPU
		{754AFD9D-8944-437B-A3D2-5B4956053A42}.Release|Any CPU.ActiveCfg = Release|Any CPU
		{754AFD9D-8944-437B-A3D2-5B4956053A42}.Release|Any CPU.Build.0 = Release|Any CPU
		{B7946FDB-DC82-42C2-9A8B-9EA3BCD877BD}.Debug|Any CPU.ActiveCfg = Debug|Any CPU
		{B7946FDB-DC82-42C2-9A8B-9EA3BCD877BD}.Debug|Any CPU.Build.0 = Debug|Any CPU
		{B7946FDB-DC82-42C2-9A8B-9EA3BCD877BD}.Release|Any CPU.ActiveCfg = Release|Any CPU
		{B7946FDB-DC82-42C2-9A8B-9EA3BCD877BD}.Release|Any CPU.Build.0 = Release|Any CPU
		{66C699B7-1949-414E-88F9-F9262E2BEDF8}.Debug|Any CPU.ActiveCfg = Debug|Any CPU
		{66C699B7-1949-414E-88F9-F9262E2BEDF8}.Debug|Any CPU.Build.0 = Debug|Any CPU
		{66C699B7-1949-414E-88F9-F9262E2BEDF8}.Release|Any CPU.ActiveCfg = Release|Any CPU
		{66C699B7-1949-414E-88F9-F9262E2BEDF8}.Release|Any CPU.Build.0 = Release|Any CPU
		{E5B7E9A8-56E0-40CE-AEDA-8E57B3483D0B}.Debug|Any CPU.ActiveCfg = Debug|Any CPU
		{E5B7E9A8-56E0-40CE-AEDA-8E57B3483D0B}.Debug|Any CPU.Build.0 = Debug|Any CPU
		{E5B7E9A8-56E0-40CE-AEDA-8E57B3483D0B}.Release|Any CPU.ActiveCfg = Release|Any CPU
		{E5B7E9A8-56E0-40CE-AEDA-8E57B3483D0B}.Release|Any CPU.Build.0 = Release|Any CPU
		{DA8DC475-D9B8-4685-A717-DD9818F71F35}.Debug|Any CPU.ActiveCfg = Debug|Any CPU
		{DA8DC475-D9B8-4685-A717-DD9818F71F35}.Debug|Any CPU.Build.0 = Debug|Any CPU
		{DA8DC475-D9B8-4685-A717-DD9818F71F35}.Release|Any CPU.ActiveCfg = Release|Any CPU
		{DA8DC475-D9B8-4685-A717-DD9818F71F35}.Release|Any CPU.Build.0 = Release|Any CPU
		{CE2E0C42-463F-4BE9-AA3F-85F1F5831E94}.Debug|Any CPU.ActiveCfg = Debug|Any CPU
		{CE2E0C42-463F-4BE9-AA3F-85F1F5831E94}.Debug|Any CPU.Build.0 = Debug|Any CPU
		{CE2E0C42-463F-4BE9-AA3F-85F1F5831E94}.Release|Any CPU.ActiveCfg = Release|Any CPU
		{CE2E0C42-463F-4BE9-AA3F-85F1F5831E94}.Release|Any CPU.Build.0 = Release|Any CPU
		{AA458708-259C-4D28-AE2A-A7D1524C4DB1}.Debug|Any CPU.ActiveCfg = Debug|Any CPU
		{AA458708-259C-4D28-AE2A-A7D1524C4DB1}.Debug|Any CPU.Build.0 = Debug|Any CPU
		{AA458708-259C-4D28-AE2A-A7D1524C4DB1}.Release|Any CPU.ActiveCfg = Release|Any CPU
		{AA458708-259C-4D28-AE2A-A7D1524C4DB1}.Release|Any CPU.Build.0 = Release|Any CPU
		{753A5BBD-5170-4990-AB37-8D365C40998A}.Debug|Any CPU.ActiveCfg = Debug|Any CPU
		{753A5BBD-5170-4990-AB37-8D365C40998A}.Debug|Any CPU.Build.0 = Debug|Any CPU
		{753A5BBD-5170-4990-AB37-8D365C40998A}.Release|Any CPU.ActiveCfg = Release|Any CPU
		{753A5BBD-5170-4990-AB37-8D365C40998A}.Release|Any CPU.Build.0 = Release|Any CPU
		{A918BCC3-8FD0-476A-B936-232C950F0903}.Debug|Any CPU.ActiveCfg = Debug|Any CPU
		{A918BCC3-8FD0-476A-B936-232C950F0903}.Debug|Any CPU.Build.0 = Debug|Any CPU
		{A918BCC3-8FD0-476A-B936-232C950F0903}.Release|Any CPU.ActiveCfg = Release|Any CPU
		{A918BCC3-8FD0-476A-B936-232C950F0903}.Release|Any CPU.Build.0 = Release|Any CPU
		{52B0D601-95C8-4ED7-8980-9843D92A5EA9}.Debug|Any CPU.ActiveCfg = Debug|Any CPU
		{52B0D601-95C8-4ED7-8980-9843D92A5EA9}.Debug|Any CPU.Build.0 = Debug|Any CPU
		{52B0D601-95C8-4ED7-8980-9843D92A5EA9}.Release|Any CPU.ActiveCfg = Release|Any CPU
		{52B0D601-95C8-4ED7-8980-9843D92A5EA9}.Release|Any CPU.Build.0 = Release|Any CPU
		{66B86C09-497C-44EB-81DD-58A0BFD350D5}.Debug|Any CPU.ActiveCfg = Debug|Any CPU
		{66B86C09-497C-44EB-81DD-58A0BFD350D5}.Debug|Any CPU.Build.0 = Debug|Any CPU
		{66B86C09-497C-44EB-81DD-58A0BFD350D5}.Release|Any CPU.ActiveCfg = Release|Any CPU
		{66B86C09-497C-44EB-81DD-58A0BFD350D5}.Release|Any CPU.Build.0 = Release|Any CPU
		{E4A3871A-F6E3-4A3E-88F1-2C79021E0825}.Debug|Any CPU.ActiveCfg = Debug|Any CPU
		{E4A3871A-F6E3-4A3E-88F1-2C79021E0825}.Debug|Any CPU.Build.0 = Debug|Any CPU
		{E4A3871A-F6E3-4A3E-88F1-2C79021E0825}.Release|Any CPU.ActiveCfg = Release|Any CPU
		{E4A3871A-F6E3-4A3E-88F1-2C79021E0825}.Release|Any CPU.Build.0 = Release|Any CPU
		{48777A89-DD2F-4B2D-9B48-1866B2CDC1A0}.Debug|Any CPU.ActiveCfg = Debug|Any CPU
		{48777A89-DD2F-4B2D-9B48-1866B2CDC1A0}.Debug|Any CPU.Build.0 = Debug|Any CPU
		{48777A89-DD2F-4B2D-9B48-1866B2CDC1A0}.Release|Any CPU.ActiveCfg = Release|Any CPU
		{48777A89-DD2F-4B2D-9B48-1866B2CDC1A0}.Release|Any CPU.Build.0 = Release|Any CPU
		{BB601A3C-DA16-4469-B241-E771D48E0CAE}.Debug|Any CPU.ActiveCfg = Debug|Any CPU
		{BB601A3C-DA16-4469-B241-E771D48E0CAE}.Debug|Any CPU.Build.0 = Debug|Any CPU
		{BB601A3C-DA16-4469-B241-E771D48E0CAE}.Release|Any CPU.ActiveCfg = Release|Any CPU
		{BB601A3C-DA16-4469-B241-E771D48E0CAE}.Release|Any CPU.Build.0 = Release|Any CPU
		{368622A4-3AE4-4B59-850D-6EEE2F983D7D}.Debug|Any CPU.ActiveCfg = Debug|Any CPU
		{368622A4-3AE4-4B59-850D-6EEE2F983D7D}.Debug|Any CPU.Build.0 = Debug|Any CPU
		{368622A4-3AE4-4B59-850D-6EEE2F983D7D}.Release|Any CPU.ActiveCfg = Release|Any CPU
		{368622A4-3AE4-4B59-850D-6EEE2F983D7D}.Release|Any CPU.Build.0 = Release|Any CPU
		{84557FAC-A7B5-4C4F-8345-5F11955EA7BB}.Debug|Any CPU.ActiveCfg = Debug|Any CPU
		{84557FAC-A7B5-4C4F-8345-5F11955EA7BB}.Debug|Any CPU.Build.0 = Debug|Any CPU
		{84557FAC-A7B5-4C4F-8345-5F11955EA7BB}.Release|Any CPU.ActiveCfg = Release|Any CPU
		{84557FAC-A7B5-4C4F-8345-5F11955EA7BB}.Release|Any CPU.Build.0 = Release|Any CPU
		{F6838157-0543-4C18-B9A9-A610BDF3D415}.Debug|Any CPU.ActiveCfg = Debug|Any CPU
		{F6838157-0543-4C18-B9A9-A610BDF3D415}.Debug|Any CPU.Build.0 = Debug|Any CPU
		{F6838157-0543-4C18-B9A9-A610BDF3D415}.Release|Any CPU.ActiveCfg = Release|Any CPU
		{F6838157-0543-4C18-B9A9-A610BDF3D415}.Release|Any CPU.Build.0 = Release|Any CPU
		{26EEA366-ADCE-440E-BB5A-393B146667CE}.Debug|Any CPU.ActiveCfg = Debug|Any CPU
		{26EEA366-ADCE-440E-BB5A-393B146667CE}.Debug|Any CPU.Build.0 = Debug|Any CPU
		{26EEA366-ADCE-440E-BB5A-393B146667CE}.Release|Any CPU.ActiveCfg = Release|Any CPU
		{26EEA366-ADCE-440E-BB5A-393B146667CE}.Release|Any CPU.Build.0 = Release|Any CPU
		{21C18083-1EF7-4A8E-BF1A-9CEF7B7445F8}.Debug|Any CPU.ActiveCfg = Debug|Any CPU
		{21C18083-1EF7-4A8E-BF1A-9CEF7B7445F8}.Debug|Any CPU.Build.0 = Debug|Any CPU
		{21C18083-1EF7-4A8E-BF1A-9CEF7B7445F8}.Release|Any CPU.ActiveCfg = Release|Any CPU
		{21C18083-1EF7-4A8E-BF1A-9CEF7B7445F8}.Release|Any CPU.Build.0 = Release|Any CPU
		{0E4B409B-B6AF-4863-B020-710296EE5F02}.Debug|Any CPU.ActiveCfg = Debug|Any CPU
		{0E4B409B-B6AF-4863-B020-710296EE5F02}.Debug|Any CPU.Build.0 = Debug|Any CPU
		{0E4B409B-B6AF-4863-B020-710296EE5F02}.Release|Any CPU.ActiveCfg = Release|Any CPU
		{0E4B409B-B6AF-4863-B020-710296EE5F02}.Release|Any CPU.Build.0 = Release|Any CPU
		{1586F01F-E4DD-408B-888A-7B268CE4FB4E}.Debug|Any CPU.ActiveCfg = Debug|Any CPU
		{1586F01F-E4DD-408B-888A-7B268CE4FB4E}.Debug|Any CPU.Build.0 = Debug|Any CPU
		{1586F01F-E4DD-408B-888A-7B268CE4FB4E}.Release|Any CPU.ActiveCfg = Release|Any CPU
		{1586F01F-E4DD-408B-888A-7B268CE4FB4E}.Release|Any CPU.Build.0 = Release|Any CPU
		{6D4604EA-4DC7-4F10-BF84-C9CA59D59206}.Debug|Any CPU.ActiveCfg = Debug|Any CPU
		{6D4604EA-4DC7-4F10-BF84-C9CA59D59206}.Debug|Any CPU.Build.0 = Debug|Any CPU
		{6D4604EA-4DC7-4F10-BF84-C9CA59D59206}.Release|Any CPU.ActiveCfg = Release|Any CPU
		{6D4604EA-4DC7-4F10-BF84-C9CA59D59206}.Release|Any CPU.Build.0 = Release|Any CPU
		{BECFDAF9-D570-4E72-8BED-29FCC2613CD0}.Debug|Any CPU.ActiveCfg = Debug|Any CPU
		{BECFDAF9-D570-4E72-8BED-29FCC2613CD0}.Debug|Any CPU.Build.0 = Debug|Any CPU
		{BECFDAF9-D570-4E72-8BED-29FCC2613CD0}.Release|Any CPU.ActiveCfg = Release|Any CPU
		{BECFDAF9-D570-4E72-8BED-29FCC2613CD0}.Release|Any CPU.Build.0 = Release|Any CPU
		{DB9F670C-1C26-4F2B-80A5-B80348443511}.Debug|Any CPU.ActiveCfg = Debug|Any CPU
		{DB9F670C-1C26-4F2B-80A5-B80348443511}.Debug|Any CPU.Build.0 = Debug|Any CPU
		{DB9F670C-1C26-4F2B-80A5-B80348443511}.Release|Any CPU.ActiveCfg = Release|Any CPU
		{DB9F670C-1C26-4F2B-80A5-B80348443511}.Release|Any CPU.Build.0 = Release|Any CPU
		{AAD725B8-309B-42CC-9D99-079E2E2ED374}.Debug|Any CPU.ActiveCfg = Debug|Any CPU
		{AAD725B8-309B-42CC-9D99-079E2E2ED374}.Debug|Any CPU.Build.0 = Debug|Any CPU
		{AAD725B8-309B-42CC-9D99-079E2E2ED374}.Release|Any CPU.ActiveCfg = Release|Any CPU
		{AAD725B8-309B-42CC-9D99-079E2E2ED374}.Release|Any CPU.Build.0 = Release|Any CPU
		{BE671064-5663-42DB-841E-5801C81F7B76}.Debug|Any CPU.ActiveCfg = Debug|Any CPU
		{BE671064-5663-42DB-841E-5801C81F7B76}.Debug|Any CPU.Build.0 = Debug|Any CPU
		{BE671064-5663-42DB-841E-5801C81F7B76}.Release|Any CPU.ActiveCfg = Release|Any CPU
		{BE671064-5663-42DB-841E-5801C81F7B76}.Release|Any CPU.Build.0 = Release|Any CPU
		{148E1766-2F00-49D1-AE75-A555964D9D79}.Debug|Any CPU.ActiveCfg = Debug|Any CPU
		{148E1766-2F00-49D1-AE75-A555964D9D79}.Debug|Any CPU.Build.0 = Debug|Any CPU
		{148E1766-2F00-49D1-AE75-A555964D9D79}.Release|Any CPU.ActiveCfg = Release|Any CPU
		{148E1766-2F00-49D1-AE75-A555964D9D79}.Release|Any CPU.Build.0 = Release|Any CPU
		{1BFFACBB-C2F9-4CFF-B732-70102E1B3159}.Debug|Any CPU.ActiveCfg = Debug|Any CPU
		{1BFFACBB-C2F9-4CFF-B732-70102E1B3159}.Debug|Any CPU.Build.0 = Debug|Any CPU
		{1BFFACBB-C2F9-4CFF-B732-70102E1B3159}.Release|Any CPU.ActiveCfg = Release|Any CPU
		{1BFFACBB-C2F9-4CFF-B732-70102E1B3159}.Release|Any CPU.Build.0 = Release|Any CPU
		{F3917C79-317C-4386-90D8-6A80359E9B76}.Debug|Any CPU.ActiveCfg = Debug|Any CPU
		{F3917C79-317C-4386-90D8-6A80359E9B76}.Debug|Any CPU.Build.0 = Debug|Any CPU
		{F3917C79-317C-4386-90D8-6A80359E9B76}.Release|Any CPU.ActiveCfg = Release|Any CPU
		{F3917C79-317C-4386-90D8-6A80359E9B76}.Release|Any CPU.Build.0 = Release|Any CPU
		{5258C7F9-6B9E-4E68-A8F3-DF0D892D2427}.Debug|Any CPU.ActiveCfg = Debug|Any CPU
		{5258C7F9-6B9E-4E68-A8F3-DF0D892D2427}.Debug|Any CPU.Build.0 = Debug|Any CPU
		{5258C7F9-6B9E-4E68-A8F3-DF0D892D2427}.Release|Any CPU.ActiveCfg = Release|Any CPU
		{5258C7F9-6B9E-4E68-A8F3-DF0D892D2427}.Release|Any CPU.Build.0 = Release|Any CPU
		{29D6F87F-FB3B-4129-B131-09C189212EEE}.Debug|Any CPU.ActiveCfg = Debug|Any CPU
		{29D6F87F-FB3B-4129-B131-09C189212EEE}.Debug|Any CPU.Build.0 = Debug|Any CPU
		{29D6F87F-FB3B-4129-B131-09C189212EEE}.Release|Any CPU.ActiveCfg = Release|Any CPU
		{29D6F87F-FB3B-4129-B131-09C189212EEE}.Release|Any CPU.Build.0 = Release|Any CPU
		{DA63F267-2361-487E-A4D5-AE9B4AF82F4B}.Debug|Any CPU.ActiveCfg = Debug|Any CPU
		{DA63F267-2361-487E-A4D5-AE9B4AF82F4B}.Debug|Any CPU.Build.0 = Debug|Any CPU
		{DA63F267-2361-487E-A4D5-AE9B4AF82F4B}.Release|Any CPU.ActiveCfg = Release|Any CPU
		{DA63F267-2361-487E-A4D5-AE9B4AF82F4B}.Release|Any CPU.Build.0 = Release|Any CPU
		{B3FF1454-6A52-41C0-886C-68B00AE4B4A2}.Debug|Any CPU.ActiveCfg = Debug|Any CPU
		{B3FF1454-6A52-41C0-886C-68B00AE4B4A2}.Debug|Any CPU.Build.0 = Debug|Any CPU
		{B3FF1454-6A52-41C0-886C-68B00AE4B4A2}.Release|Any CPU.ActiveCfg = Release|Any CPU
		{B3FF1454-6A52-41C0-886C-68B00AE4B4A2}.Release|Any CPU.Build.0 = Release|Any CPU
		{89751DDE-6321-4A0A-B070-F29F0C85EF37}.Debug|Any CPU.ActiveCfg = Debug|Any CPU
		{89751DDE-6321-4A0A-B070-F29F0C85EF37}.Debug|Any CPU.Build.0 = Debug|Any CPU
		{89751DDE-6321-4A0A-B070-F29F0C85EF37}.Release|Any CPU.ActiveCfg = Release|Any CPU
		{89751DDE-6321-4A0A-B070-F29F0C85EF37}.Release|Any CPU.Build.0 = Release|Any CPU
		{19D4E053-396F-494A-96AD-D914FFA52372}.Debug|Any CPU.ActiveCfg = Debug|Any CPU
		{19D4E053-396F-494A-96AD-D914FFA52372}.Debug|Any CPU.Build.0 = Debug|Any CPU
		{19D4E053-396F-494A-96AD-D914FFA52372}.Release|Any CPU.ActiveCfg = Release|Any CPU
		{19D4E053-396F-494A-96AD-D914FFA52372}.Release|Any CPU.Build.0 = Release|Any CPU
		{D950ABFF-8539-46F0-A31D-8C1BEAD21843}.Debug|Any CPU.ActiveCfg = Debug|Any CPU
		{D950ABFF-8539-46F0-A31D-8C1BEAD21843}.Debug|Any CPU.Build.0 = Debug|Any CPU
		{D950ABFF-8539-46F0-A31D-8C1BEAD21843}.Release|Any CPU.ActiveCfg = Release|Any CPU
		{D950ABFF-8539-46F0-A31D-8C1BEAD21843}.Release|Any CPU.Build.0 = Release|Any CPU
		{7FA29D4C-D96A-4DFD-B46D-39E8BF6DC535}.Debug|Any CPU.ActiveCfg = Debug|Any CPU
		{7FA29D4C-D96A-4DFD-B46D-39E8BF6DC535}.Debug|Any CPU.Build.0 = Debug|Any CPU
		{7FA29D4C-D96A-4DFD-B46D-39E8BF6DC535}.Release|Any CPU.ActiveCfg = Release|Any CPU
		{7FA29D4C-D96A-4DFD-B46D-39E8BF6DC535}.Release|Any CPU.Build.0 = Release|Any CPU
		{A835A035-FE29-4B47-A701-47B06D65C116}.Debug|Any CPU.ActiveCfg = Debug|Any CPU
		{A835A035-FE29-4B47-A701-47B06D65C116}.Debug|Any CPU.Build.0 = Debug|Any CPU
		{A835A035-FE29-4B47-A701-47B06D65C116}.Release|Any CPU.ActiveCfg = Release|Any CPU
		{A835A035-FE29-4B47-A701-47B06D65C116}.Release|Any CPU.Build.0 = Release|Any CPU
		{9B1D977B-BD79-4750-86AF-38F9795DA25B}.Debug|Any CPU.ActiveCfg = Debug|Any CPU
		{9B1D977B-BD79-4750-86AF-38F9795DA25B}.Debug|Any CPU.Build.0 = Debug|Any CPU
		{9B1D977B-BD79-4750-86AF-38F9795DA25B}.Release|Any CPU.ActiveCfg = Release|Any CPU
		{9B1D977B-BD79-4750-86AF-38F9795DA25B}.Release|Any CPU.Build.0 = Release|Any CPU
		{07EF0DA2-6D99-42F6-B142-FCF679F192A1}.Debug|Any CPU.ActiveCfg = Debug|Any CPU
		{07EF0DA2-6D99-42F6-B142-FCF679F192A1}.Debug|Any CPU.Build.0 = Debug|Any CPU
		{07EF0DA2-6D99-42F6-B142-FCF679F192A1}.Release|Any CPU.ActiveCfg = Release|Any CPU
		{07EF0DA2-6D99-42F6-B142-FCF679F192A1}.Release|Any CPU.Build.0 = Release|Any CPU
		{E14AB7B1-CB6B-4B7D-8CA6-95C655EE3CD2}.Debug|Any CPU.ActiveCfg = Debug|Any CPU
		{E14AB7B1-CB6B-4B7D-8CA6-95C655EE3CD2}.Debug|Any CPU.Build.0 = Debug|Any CPU
		{E14AB7B1-CB6B-4B7D-8CA6-95C655EE3CD2}.Release|Any CPU.ActiveCfg = Release|Any CPU
		{E14AB7B1-CB6B-4B7D-8CA6-95C655EE3CD2}.Release|Any CPU.Build.0 = Release|Any CPU
		{68E45C0D-F612-4FB1-A52B-7BF036A74464}.Debug|Any CPU.ActiveCfg = Debug|Any CPU
		{68E45C0D-F612-4FB1-A52B-7BF036A74464}.Debug|Any CPU.Build.0 = Debug|Any CPU
		{68E45C0D-F612-4FB1-A52B-7BF036A74464}.Release|Any CPU.ActiveCfg = Release|Any CPU
		{68E45C0D-F612-4FB1-A52B-7BF036A74464}.Release|Any CPU.Build.0 = Release|Any CPU
		{5B522C10-E270-4936-B0E2-6752D26D48C2}.Debug|Any CPU.ActiveCfg = Debug|Any CPU
		{5B522C10-E270-4936-B0E2-6752D26D48C2}.Debug|Any CPU.Build.0 = Debug|Any CPU
		{5B522C10-E270-4936-B0E2-6752D26D48C2}.Release|Any CPU.ActiveCfg = Release|Any CPU
		{5B522C10-E270-4936-B0E2-6752D26D48C2}.Release|Any CPU.Build.0 = Release|Any CPU
		{8B6FE37C-193B-4DE4-82DB-B5F5CEEA073D}.Debug|Any CPU.ActiveCfg = Debug|Any CPU
		{8B6FE37C-193B-4DE4-82DB-B5F5CEEA073D}.Debug|Any CPU.Build.0 = Debug|Any CPU
		{8B6FE37C-193B-4DE4-82DB-B5F5CEEA073D}.Release|Any CPU.ActiveCfg = Release|Any CPU
		{8B6FE37C-193B-4DE4-82DB-B5F5CEEA073D}.Release|Any CPU.Build.0 = Release|Any CPU
		{890DB106-1930-4809-B9EA-6DC77DF26586}.Debug|Any CPU.ActiveCfg = Debug|Any CPU
		{890DB106-1930-4809-B9EA-6DC77DF26586}.Debug|Any CPU.Build.0 = Debug|Any CPU
		{890DB106-1930-4809-B9EA-6DC77DF26586}.Release|Any CPU.ActiveCfg = Release|Any CPU
		{890DB106-1930-4809-B9EA-6DC77DF26586}.Release|Any CPU.Build.0 = Release|Any CPU
		{F3D0CCC0-F648-4668-A33B-78050676428B}.Debug|Any CPU.ActiveCfg = Debug|Any CPU
		{F3D0CCC0-F648-4668-A33B-78050676428B}.Debug|Any CPU.Build.0 = Debug|Any CPU
		{F3D0CCC0-F648-4668-A33B-78050676428B}.Release|Any CPU.ActiveCfg = Release|Any CPU
		{F3D0CCC0-F648-4668-A33B-78050676428B}.Release|Any CPU.Build.0 = Release|Any CPU
		{44F7BA3D-4AD6-4342-980D-CD147971E2C5}.Debug|Any CPU.ActiveCfg = Debug|Any CPU
		{44F7BA3D-4AD6-4342-980D-CD147971E2C5}.Debug|Any CPU.Build.0 = Debug|Any CPU
		{44F7BA3D-4AD6-4342-980D-CD147971E2C5}.Release|Any CPU.ActiveCfg = Release|Any CPU
		{44F7BA3D-4AD6-4342-980D-CD147971E2C5}.Release|Any CPU.Build.0 = Release|Any CPU
	EndGlobalSection
	GlobalSection(SolutionProperties) = preSolution
		HideSolutionNode = FALSE
	EndGlobalSection
	GlobalSection(NestedProjects) = preSolution
		{9FC524FC-0FF1-485D-94BD-727689DF6F8B} = {11BC0A5C-50F2-4581-B829-E5C901917B70}
		{F4EBE887-C9C6-4B1D-9904-1E511B193E94} = {9E880A86-5C2A-4C81-98B1-034BC0A23342}
		{6B791932-8AA0-43FD-AAB0-2CA02E563AF5} = {A47C242E-7BE9-4B08-BFAB-C1C230BC4781}
		{754AFD9D-8944-437B-A3D2-5B4956053A42} = {9E880A86-5C2A-4C81-98B1-034BC0A23342}
		{B7946FDB-DC82-42C2-9A8B-9EA3BCD877BD} = {9E880A86-5C2A-4C81-98B1-034BC0A23342}
		{66C699B7-1949-414E-88F9-F9262E2BEDF8} = {9E880A86-5C2A-4C81-98B1-034BC0A23342}
		{E5B7E9A8-56E0-40CE-AEDA-8E57B3483D0B} = {9E880A86-5C2A-4C81-98B1-034BC0A23342}
		{DA8DC475-D9B8-4685-A717-DD9818F71F35} = {11BC0A5C-50F2-4581-B829-E5C901917B70}
		{CE2E0C42-463F-4BE9-AA3F-85F1F5831E94} = {9E880A86-5C2A-4C81-98B1-034BC0A23342}
		{AA458708-259C-4D28-AE2A-A7D1524C4DB1} = {9E880A86-5C2A-4C81-98B1-034BC0A23342}
		{753A5BBD-5170-4990-AB37-8D365C40998A} = {9E880A86-5C2A-4C81-98B1-034BC0A23342}
		{A918BCC3-8FD0-476A-B936-232C950F0903} = {9E880A86-5C2A-4C81-98B1-034BC0A23342}
		{66B86C09-497C-44EB-81DD-58A0BFD350D5} = {9E880A86-5C2A-4C81-98B1-034BC0A23342}
		{56AABD14-D97A-46FB-A1E1-2E3466668075} = {A47C242E-7BE9-4B08-BFAB-C1C230BC4781}
		{E4A3871A-F6E3-4A3E-88F1-2C79021E0825} = {56AABD14-D97A-46FB-A1E1-2E3466668075}
		{48777A89-DD2F-4B2D-9B48-1866B2CDC1A0} = {9E880A86-5C2A-4C81-98B1-034BC0A23342}
		{BB601A3C-DA16-4469-B241-E771D48E0CAE} = {9E880A86-5C2A-4C81-98B1-034BC0A23342}
		{368622A4-3AE4-4B59-850D-6EEE2F983D7D} = {9E880A86-5C2A-4C81-98B1-034BC0A23342}
		{26EEA366-ADCE-440E-BB5A-393B146667CE} = {9E880A86-5C2A-4C81-98B1-034BC0A23342}
		{21C18083-1EF7-4A8E-BF1A-9CEF7B7445F8} = {9E880A86-5C2A-4C81-98B1-034BC0A23342}
		{0E4B409B-B6AF-4863-B020-710296EE5F02} = {9E880A86-5C2A-4C81-98B1-034BC0A23342}
		{1586F01F-E4DD-408B-888A-7B268CE4FB4E} = {9E880A86-5C2A-4C81-98B1-034BC0A23342}
		{6D4604EA-4DC7-4F10-BF84-C9CA59D59206} = {9E880A86-5C2A-4C81-98B1-034BC0A23342}
		{BECFDAF9-D570-4E72-8BED-29FCC2613CD0} = {9E880A86-5C2A-4C81-98B1-034BC0A23342}
		{DB9F670C-1C26-4F2B-80A5-B80348443511} = {9E880A86-5C2A-4C81-98B1-034BC0A23342}
		{AAD725B8-309B-42CC-9D99-079E2E2ED374} = {9E880A86-5C2A-4C81-98B1-034BC0A23342}
		{BE671064-5663-42DB-841E-5801C81F7B76} = {9E880A86-5C2A-4C81-98B1-034BC0A23342}
		{148E1766-2F00-49D1-AE75-A555964D9D79} = {9E880A86-5C2A-4C81-98B1-034BC0A23342}
		{1BFFACBB-C2F9-4CFF-B732-70102E1B3159} = {9E880A86-5C2A-4C81-98B1-034BC0A23342}
		{F3917C79-317C-4386-90D8-6A80359E9B76} = {9E880A86-5C2A-4C81-98B1-034BC0A23342}
		{5258C7F9-6B9E-4E68-A8F3-DF0D892D2427} = {9E880A86-5C2A-4C81-98B1-034BC0A23342}
		{29D6F87F-FB3B-4129-B131-09C189212EEE} = {9E880A86-5C2A-4C81-98B1-034BC0A23342}
		{DA63F267-2361-487E-A4D5-AE9B4AF82F4B} = {9E880A86-5C2A-4C81-98B1-034BC0A23342}
		{B3FF1454-6A52-41C0-886C-68B00AE4B4A2} = {9E880A86-5C2A-4C81-98B1-034BC0A23342}
		{89751DDE-6321-4A0A-B070-F29F0C85EF37} = {9E880A86-5C2A-4C81-98B1-034BC0A23342}
		{19D4E053-396F-494A-96AD-D914FFA52372} = {9E880A86-5C2A-4C81-98B1-034BC0A23342}
		{D950ABFF-8539-46F0-A31D-8C1BEAD21843} = {11BC0A5C-50F2-4581-B829-E5C901917B70}
		{A835A035-FE29-4B47-A701-47B06D65C116} = {9E880A86-5C2A-4C81-98B1-034BC0A23342}
		{DE686B66-85F2-408F-9460-C1D0A0CFF82F} = {763506BA-E1D6-43B8-9BD7-580FFECC8DC4}
		{07EF0DA2-6D99-42F6-B142-FCF679F192A1} = {DE686B66-85F2-408F-9460-C1D0A0CFF82F}
		{10D63B21-B7F5-40F1-997C-D3ECBDD2D3D0} = {763506BA-E1D6-43B8-9BD7-580FFECC8DC4}
		{E14AB7B1-CB6B-4B7D-8CA6-95C655EE3CD2} = {10D63B21-B7F5-40F1-997C-D3ECBDD2D3D0}
		{33AC9B53-8332-4163-A46E-6A1D00D3FE25} = {763506BA-E1D6-43B8-9BD7-580FFECC8DC4}
		{68E45C0D-F612-4FB1-A52B-7BF036A74464} = {33AC9B53-8332-4163-A46E-6A1D00D3FE25}
		{FE49D6B0-E338-4DE5-82DA-A32E344F1E71} = {763506BA-E1D6-43B8-9BD7-580FFECC8DC4}
		{5B522C10-E270-4936-B0E2-6752D26D48C2} = {FE49D6B0-E338-4DE5-82DA-A32E344F1E71}
		{C0A2BA07-023C-4D9D-8644-77AEB4DB8D0E} = {763506BA-E1D6-43B8-9BD7-580FFECC8DC4}
		{8B6FE37C-193B-4DE4-82DB-B5F5CEEA073D} = {C0A2BA07-023C-4D9D-8644-77AEB4DB8D0E}
		{C64A17E1-D6B5-499B-BC5E-F43804FD7D15} = {763506BA-E1D6-43B8-9BD7-580FFECC8DC4}
		{F3D0CCC0-F648-4668-A33B-78050676428B} = {C64A17E1-D6B5-499B-BC5E-F43804FD7D15}
		{44F7BA3D-4AD6-4342-980D-CD147971E2C5} = {33F91358-3CA9-49EE-80AA-A2E5DEBA6D04}
		{B399B4B4-F03B-4D16-860F-4007F56F55AC} = {763506BA-E1D6-43B8-9BD7-580FFECC8DC4}
		{890DB106-1930-4809-B9EA-6DC77DF26586} = {B399B4B4-F03B-4D16-860F-4007F56F55AC}
	EndGlobalSection
	GlobalSection(ExtensibilityGlobals) = postSolution
		SolutionGuid = {827F52FF-EF11-4FEE-96D9-2D8DC87620FE}
	EndGlobalSection
EndGlobal
