
Microsoft Visual Studio Solution File, Format Version 12.00
# Visual Studio Version 16
VisualStudioVersion = 16.0.29519.87
MinimumVisualStudioVersion = 10.0.40219.1
Project("{FAE04EC0-301F-11D3-BF4B-00C04F79EFBC}") = "OverridingEquals", "OverridingEquals\OverridingEquals.csproj", "{122BE29D-5DB5-415D-9DC9-D1F22A2A7ED2}"
EndProject
Global
	GlobalSection(SolutionConfigurationPlatforms) = preSolution
		Debug|Any CPU = Debug|Any CPU
		Release|Any CPU = Release|Any CPU
	EndGlobalSection
	GlobalSection(ProjectConfigurationPlatforms) = postSolution
		{122BE29D-5DB5-415D-9DC9-D1F22A2A7ED2}.Debug|Any CPU.ActiveCfg = Debug|Any CPU
		{122BE29D-5DB5-415D-9DC9-D1F22A2A7ED2}.Debug|Any CPU.Build.0 = Debug|Any CPU
		{122BE29D-5DB5-415D-9DC9-D1F22A2A7ED2}.Release|Any CPU.ActiveCfg = Release|Any CPU
		{122BE29D-5DB5-415D-9DC9-D1F22A2A7ED2}.Release|Any CPU.Build.0 = Release|Any CPU
	EndGlobalSection
	GlobalSection(SolutionProperties) = preSolution
		HideSolutionNode = FALSE
	EndGlobalSection
	GlobalSection(ExtensibilityGlobals) = postSolution
		SolutionGuid = {827F52FF-EF11-4FEE-96D9-2D8DC87620FE}
	EndGlobalSection
EndGlobal
